// !$*UTF8*$!
{
	archiveVersion = 1;
	classes = {
	};
	objectVersion = 55;
	objects = {

/* Begin PBXBuildFile section */
		008C6BB428181068004EDF7B /* FriendsView.swift in Sources */ = {isa = PBXBuildFile; fileRef = 008C6BB328181068004EDF7B /* FriendsView.swift */; };
		008C6BB828183142004EDF7B /* CircleShadowModifier.swift in Sources */ = {isa = PBXBuildFile; fileRef = 008C6BB728183142004EDF7B /* CircleShadowModifier.swift */; };
		008C6BBB28183507004EDF7B /* LogoImageBuilder.swift in Sources */ = {isa = PBXBuildFile; fileRef = 008C6BBA28183507004EDF7B /* LogoImageBuilder.swift */; };
		008C6BBE281836A9004EDF7B /* NameTextBuilder.swift in Sources */ = {isa = PBXBuildFile; fileRef = 008C6BBD281836A9004EDF7B /* NameTextBuilder.swift */; };
		008C6BC02818370D004EDF7B /* GroupsView.swift in Sources */ = {isa = PBXBuildFile; fileRef = 008C6BBF2818370D004EDF7B /* GroupsView.swift */; };
		008C6BC5281844F3004EDF7B /* UIApplication+endEditing.swift in Sources */ = {isa = PBXBuildFile; fileRef = 008C6BC4281844F3004EDF7B /* UIApplication+endEditing.swift */; };
		00F9C4D62812C52800179F3D /* VK_SwiftUI_GB_KSApp.swift in Sources */ = {isa = PBXBuildFile; fileRef = 00F9C4D52812C52800179F3D /* VK_SwiftUI_GB_KSApp.swift */; };
		00F9C4D82812C52800179F3D /* AuthenticationView.swift in Sources */ = {isa = PBXBuildFile; fileRef = 00F9C4D72812C52800179F3D /* AuthenticationView.swift */; };
		00F9C4DA2812C52F00179F3D /* Assets.xcassets in Resources */ = {isa = PBXBuildFile; fileRef = 00F9C4D92812C52F00179F3D /* Assets.xcassets */; };
		00F9C4DD2812C52F00179F3D /* Preview Assets.xcassets in Resources */ = {isa = PBXBuildFile; fileRef = 00F9C4DC2812C52F00179F3D /* Preview Assets.xcassets */; };
/* End PBXBuildFile section */

/* Begin PBXFileReference section */
		008C6BB328181068004EDF7B /* FriendsView.swift */ = {isa = PBXFileReference; lastKnownFileType = sourcecode.swift; path = FriendsView.swift; sourceTree = "<group>"; };
		008C6BB728183142004EDF7B /* CircleShadowModifier.swift */ = {isa = PBXFileReference; lastKnownFileType = sourcecode.swift; path = CircleShadowModifier.swift; sourceTree = "<group>"; };
		008C6BBA28183507004EDF7B /* LogoImageBuilder.swift */ = {isa = PBXFileReference; lastKnownFileType = sourcecode.swift; path = LogoImageBuilder.swift; sourceTree = "<group>"; };
		008C6BBD281836A9004EDF7B /* NameTextBuilder.swift */ = {isa = PBXFileReference; lastKnownFileType = sourcecode.swift; path = NameTextBuilder.swift; sourceTree = "<group>"; };
		008C6BBF2818370D004EDF7B /* GroupsView.swift */ = {isa = PBXFileReference; lastKnownFileType = sourcecode.swift; path = GroupsView.swift; sourceTree = "<group>"; };
		008C6BC4281844F3004EDF7B /* UIApplication+endEditing.swift */ = {isa = PBXFileReference; lastKnownFileType = sourcecode.swift; path = "UIApplication+endEditing.swift"; sourceTree = "<group>"; };
		00F9C4D22812C52800179F3D /* VK_SwiftUI_GB_KS.app */ = {isa = PBXFileReference; explicitFileType = wrapper.application; includeInIndex = 0; path = VK_SwiftUI_GB_KS.app; sourceTree = BUILT_PRODUCTS_DIR; };
		00F9C4D52812C52800179F3D /* VK_SwiftUI_GB_KSApp.swift */ = {isa = PBXFileReference; lastKnownFileType = sourcecode.swift; path = VK_SwiftUI_GB_KSApp.swift; sourceTree = "<group>"; };
		00F9C4D72812C52800179F3D /* AuthenticationView.swift */ = {isa = PBXFileReference; lastKnownFileType = sourcecode.swift; path = AuthenticationView.swift; sourceTree = "<group>"; };
		00F9C4D92812C52F00179F3D /* Assets.xcassets */ = {isa = PBXFileReference; lastKnownFileType = folder.assetcatalog; path = Assets.xcassets; sourceTree = "<group>"; };
		00F9C4DC2812C52F00179F3D /* Preview Assets.xcassets */ = {isa = PBXFileReference; lastKnownFileType = folder.assetcatalog; path = "Preview Assets.xcassets"; sourceTree = "<group>"; };
/* End PBXFileReference section */

/* Begin PBXFrameworksBuildPhase section */
		00F9C4CF2812C52800179F3D /* Frameworks */ = {
			isa = PBXFrameworksBuildPhase;
			buildActionMask = 2147483647;
			files = (
			);
			runOnlyForDeploymentPostprocessing = 0;
		};
/* End PBXFrameworksBuildPhase section */

/* Begin PBXGroup section */
		008C6BB52818107B004EDF7B /* Cell */ = {
			isa = PBXGroup;
			children = (
				008C6BB328181068004EDF7B /* FriendsView.swift */,
				008C6BBF2818370D004EDF7B /* GroupsView.swift */,
			);
			path = Cell;
			sourceTree = "<group>";
		};
		008C6BB628183122004EDF7B /* Modifiers */ = {
			isa = PBXGroup;
			children = (
				008C6BB728183142004EDF7B /* CircleShadowModifier.swift */,
			);
			path = Modifiers;
			sourceTree = "<group>";
		};
		008C6BB9281834EC004EDF7B /* View Builders */ = {
			isa = PBXGroup;
			children = (
				008C6BBA28183507004EDF7B /* LogoImageBuilder.swift */,
				008C6BBD281836A9004EDF7B /* NameTextBuilder.swift */,
			);
			path = "View Builders";
			sourceTree = "<group>";
		};
		008C6BBC28183520004EDF7B /* UI Services */ = {
			isa = PBXGroup;
			children = (
				008C6BB9281834EC004EDF7B /* View Builders */,
				008C6BB628183122004EDF7B /* Modifiers */,
			);
			path = "UI Services";
			sourceTree = "<group>";
		};
		008C6BC2281839AB004EDF7B /* Auth */ = {
			isa = PBXGroup;
			children = (
				00F9C4D72812C52800179F3D /* AuthenticationView.swift */,
			);
			path = Auth;
			sourceTree = "<group>";
		};
		008C6BC328184498004EDF7B /* Extensions */ = {
			isa = PBXGroup;
			children = (
				008C6BC4281844F3004EDF7B /* UIApplication+endEditing.swift */,
			);
			path = Extensions;
			sourceTree = "<group>";
		};
		00F9C4C92812C52800179F3D = {
			isa = PBXGroup;
			children = (
				00F9C4D42812C52800179F3D /* VK_SwiftUI_GB_KS */,
				00F9C4D32812C52800179F3D /* Products */,
			);
			sourceTree = "<group>";
		};
		00F9C4D32812C52800179F3D /* Products */ = {
			isa = PBXGroup;
			children = (
				00F9C4D22812C52800179F3D /* VK_SwiftUI_GB_KS.app */,
			);
			name = Products;
			sourceTree = "<group>";
		};
		00F9C4D42812C52800179F3D /* VK_SwiftUI_GB_KS */ = {
			isa = PBXGroup;
			children = (
				00F9C4D52812C52800179F3D /* VK_SwiftUI_GB_KSApp.swift */,
				008C6BC2281839AB004EDF7B /* Auth */,
				008C6BB52818107B004EDF7B /* Cell */,
				008C6BBC28183520004EDF7B /* UI Services */,
				008C6BC328184498004EDF7B /* Extensions */,
				00F9C4D92812C52F00179F3D /* Assets.xcassets */,
				00F9C4DB2812C52F00179F3D /* Preview Content */,
			);
			path = VK_SwiftUI_GB_KS;
			sourceTree = "<group>";
		};
		00F9C4DB2812C52F00179F3D /* Preview Content */ = {
			isa = PBXGroup;
			children = (
				00F9C4DC2812C52F00179F3D /* Preview Assets.xcassets */,
			);
			path = "Preview Content";
			sourceTree = "<group>";
		};
/* End PBXGroup section */

/* Begin PBXNativeTarget section */
		00F9C4D12812C52800179F3D /* VK_SwiftUI_GB_KS */ = {
			isa = PBXNativeTarget;
			buildConfigurationList = 00F9C4E02812C52F00179F3D /* Build configuration list for PBXNativeTarget "VK_SwiftUI_GB_KS" */;
			buildPhases = (
				00F9C4CE2812C52800179F3D /* Sources */,
				00F9C4CF2812C52800179F3D /* Frameworks */,
				00F9C4D02812C52800179F3D /* Resources */,
			);
			buildRules = (
			);
			dependencies = (
			);
			name = VK_SwiftUI_GB_KS;
			productName = VK_SwiftUI_GB_KS;
			productReference = 00F9C4D22812C52800179F3D /* VK_SwiftUI_GB_KS.app */;
			productType = "com.apple.product-type.application";
		};
/* End PBXNativeTarget section */

/* Begin PBXProject section */
		00F9C4CA2812C52800179F3D /* Project object */ = {
			isa = PBXProject;
			attributes = {
				BuildIndependentTargetsInParallel = 1;
				LastSwiftUpdateCheck = 1330;
				LastUpgradeCheck = 1330;
				TargetAttributes = {
					00F9C4D12812C52800179F3D = {
						CreatedOnToolsVersion = 13.3.1;
					};
				};
			};
			buildConfigurationList = 00F9C4CD2812C52800179F3D /* Build configuration list for PBXProject "VK_SwiftUI_GB_KS" */;
			compatibilityVersion = "Xcode 13.0";
			developmentRegion = en;
			hasScannedForEncodings = 0;
			knownRegions = (
				en,
				Base,
			);
			mainGroup = 00F9C4C92812C52800179F3D;
			productRefGroup = 00F9C4D32812C52800179F3D /* Products */;
			projectDirPath = "";
			projectRoot = "";
			targets = (
				00F9C4D12812C52800179F3D /* VK_SwiftUI_GB_KS */,
			);
		};
/* End PBXProject section */

/* Begin PBXResourcesBuildPhase section */
		00F9C4D02812C52800179F3D /* Resources */ = {
			isa = PBXResourcesBuildPhase;
			buildActionMask = 2147483647;
			files = (
				00F9C4DD2812C52F00179F3D /* Preview Assets.xcassets in Resources */,
				00F9C4DA2812C52F00179F3D /* Assets.xcassets in Resources */,
			);
			runOnlyForDeploymentPostprocessing = 0;
		};
/* End PBXResourcesBuildPhase section */

/* Begin PBXSourcesBuildPhase section */
		00F9C4CE2812C52800179F3D /* Sources */ = {
			isa = PBXSourcesBuildPhase;
			buildActionMask = 2147483647;
			files = (
				008C6BB428181068004EDF7B /* FriendsView.swift in Sources */,
				008C6BC5281844F3004EDF7B /* UIApplication+endEditing.swift in Sources */,
				008C6BBE281836A9004EDF7B /* NameTextBuilder.swift in Sources */,
				008C6BB828183142004EDF7B /* CircleShadowModifier.swift in Sources */,
				008C6BBB28183507004EDF7B /* LogoImageBuilder.swift in Sources */,
				00F9C4D82812C52800179F3D /* AuthenticationView.swift in Sources */,
				008C6BC02818370D004EDF7B /* GroupsView.swift in Sources */,
				00F9C4D62812C52800179F3D /* VK_SwiftUI_GB_KSApp.swift in Sources */,
			);
			runOnlyForDeploymentPostprocessing = 0;
		};
/* End PBXSourcesBuildPhase section */

/* Begin XCBuildConfiguration section */
		00F9C4DE2812C52F00179F3D /* Debug */ = {
			isa = XCBuildConfiguration;
			buildSettings = {
				ALWAYS_SEARCH_USER_PATHS = NO;
				CLANG_ANALYZER_NONNULL = YES;
				CLANG_ANALYZER_NUMBER_OBJECT_CONVERSION = YES_AGGRESSIVE;
				CLANG_CXX_LANGUAGE_STANDARD = "gnu++17";
				CLANG_ENABLE_MODULES = YES;
				CLANG_ENABLE_OBJC_ARC = YES;
				CLANG_ENABLE_OBJC_WEAK = YES;
				CLANG_WARN_BLOCK_CAPTURE_AUTORELEASING = YES;
				CLANG_WARN_BOOL_CONVERSION = YES;
				CLANG_WARN_COMMA = YES;
				CLANG_WARN_CONSTANT_CONVERSION = YES;
				CLANG_WARN_DEPRECATED_OBJC_IMPLEMENTATIONS = YES;
				CLANG_WARN_DIRECT_OBJC_ISA_USAGE = YES_ERROR;
				CLANG_WARN_DOCUMENTATION_COMMENTS = YES;
				CLANG_WARN_EMPTY_BODY = YES;
				CLANG_WARN_ENUM_CONVERSION = YES;
				CLANG_WARN_INFINITE_RECURSION = YES;
				CLANG_WARN_INT_CONVERSION = YES;
				CLANG_WARN_NON_LITERAL_NULL_CONVERSION = YES;
				CLANG_WARN_OBJC_IMPLICIT_RETAIN_SELF = YES;
				CLANG_WARN_OBJC_LITERAL_CONVERSION = YES;
				CLANG_WARN_OBJC_ROOT_CLASS = YES_ERROR;
				CLANG_WARN_QUOTED_INCLUDE_IN_FRAMEWORK_HEADER = YES;
				CLANG_WARN_RANGE_LOOP_ANALYSIS = YES;
				CLANG_WARN_STRICT_PROTOTYPES = YES;
				CLANG_WARN_SUSPICIOUS_MOVE = YES;
				CLANG_WARN_UNGUARDED_AVAILABILITY = YES_AGGRESSIVE;
				CLANG_WARN_UNREACHABLE_CODE = YES;
				CLANG_WARN__DUPLICATE_METHOD_MATCH = YES;
				COPY_PHASE_STRIP = NO;
				DEBUG_INFORMATION_FORMAT = dwarf;
				ENABLE_STRICT_OBJC_MSGSEND = YES;
				ENABLE_TESTABILITY = YES;
				GCC_C_LANGUAGE_STANDARD = gnu11;
				GCC_DYNAMIC_NO_PIC = NO;
				GCC_NO_COMMON_BLOCKS = YES;
				GCC_OPTIMIZATION_LEVEL = 0;
				GCC_PREPROCESSOR_DEFINITIONS = (
					"DEBUG=1",
					"$(inherited)",
				);
				GCC_WARN_64_TO_32_BIT_CONVERSION = YES;
				GCC_WARN_ABOUT_RETURN_TYPE = YES_ERROR;
				GCC_WARN_UNDECLARED_SELECTOR = YES;
				GCC_WARN_UNINITIALIZED_AUTOS = YES_AGGRESSIVE;
				GCC_WARN_UNUSED_FUNCTION = YES;
				GCC_WARN_UNUSED_VARIABLE = YES;
				IPHONEOS_DEPLOYMENT_TARGET = 15.4;
				MTL_ENABLE_DEBUG_INFO = INCLUDE_SOURCE;
				MTL_FAST_MATH = YES;
				ONLY_ACTIVE_ARCH = YES;
				SDKROOT = iphoneos;
				SWIFT_ACTIVE_COMPILATION_CONDITIONS = DEBUG;
				SWIFT_OPTIMIZATION_LEVEL = "-Onone";
			};
			name = Debug;
		};
		00F9C4DF2812C52F00179F3D /* Release */ = {
			isa = XCBuildConfiguration;
			buildSettings = {
				ALWAYS_SEARCH_USER_PATHS = NO;
				CLANG_ANALYZER_NONNULL = YES;
				CLANG_ANALYZER_NUMBER_OBJECT_CONVERSION = YES_AGGRESSIVE;
				CLANG_CXX_LANGUAGE_STANDARD = "gnu++17";
				CLANG_ENABLE_MODULES = YES;
				CLANG_ENABLE_OBJC_ARC = YES;
				CLANG_ENABLE_OBJC_WEAK = YES;
				CLANG_WARN_BLOCK_CAPTURE_AUTORELEASING = YES;
				CLANG_WARN_BOOL_CONVERSION = YES;
				CLANG_WARN_COMMA = YES;
				CLANG_WARN_CONSTANT_CONVERSION = YES;
				CLANG_WARN_DEPRECATED_OBJC_IMPLEMENTATIONS = YES;
				CLANG_WARN_DIRECT_OBJC_ISA_USAGE = YES_ERROR;
				CLANG_WARN_DOCUMENTATION_COMMENTS = YES;
				CLANG_WARN_EMPTY_BODY = YES;
				CLANG_WARN_ENUM_CONVERSION = YES;
				CLANG_WARN_INFINITE_RECURSION = YES;
				CLANG_WARN_INT_CONVERSION = YES;
				CLANG_WARN_NON_LITERAL_NULL_CONVERSION = YES;
				CLANG_WARN_OBJC_IMPLICIT_RETAIN_SELF = YES;
				CLANG_WARN_OBJC_LITERAL_CONVERSION = YES;
				CLANG_WARN_OBJC_ROOT_CLASS = YES_ERROR;
				CLANG_WARN_QUOTED_INCLUDE_IN_FRAMEWORK_HEADER = YES;
				CLANG_WARN_RANGE_LOOP_ANALYSIS = YES;
				CLANG_WARN_STRICT_PROTOTYPES = YES;
				CLANG_WARN_SUSPICIOUS_MOVE = YES;
				CLANG_WARN_UNGUARDED_AVAILABILITY = YES_AGGRESSIVE;
				CLANG_WARN_UNREACHABLE_CODE = YES;
				CLANG_WARN__DUPLICATE_METHOD_MATCH = YES;
				COPY_PHASE_STRIP = NO;
				DEBUG_INFORMATION_FORMAT = "dwarf-with-dsym";
				ENABLE_NS_ASSERTIONS = NO;
				ENABLE_STRICT_OBJC_MSGSEND = YES;
				GCC_C_LANGUAGE_STANDARD = gnu11;
				GCC_NO_COMMON_BLOCKS = YES;
				GCC_WARN_64_TO_32_BIT_CONVERSION = YES;
				GCC_WARN_ABOUT_RETURN_TYPE = YES_ERROR;
				GCC_WARN_UNDECLARED_SELECTOR = YES;
				GCC_WARN_UNINITIALIZED_AUTOS = YES_AGGRESSIVE;
				GCC_WARN_UNUSED_FUNCTION = YES;
				GCC_WARN_UNUSED_VARIABLE = YES;
				IPHONEOS_DEPLOYMENT_TARGET = 15.4;
				MTL_ENABLE_DEBUG_INFO = NO;
				MTL_FAST_MATH = YES;
				SDKROOT = iphoneos;
				SWIFT_COMPILATION_MODE = wholemodule;
				SWIFT_OPTIMIZATION_LEVEL = "-O";
				VALIDATE_PRODUCT = YES;
			};
			name = Release;
		};
		00F9C4E12812C52F00179F3D /* Debug */ = {
			isa = XCBuildConfiguration;
			buildSettings = {
				ASSETCATALOG_COMPILER_APPICON_NAME = AppIcon;
				ASSETCATALOG_COMPILER_GLOBAL_ACCENT_COLOR_NAME = AccentColor;
				CODE_SIGN_STYLE = Automatic;
				CURRENT_PROJECT_VERSION = 1;
				DEVELOPMENT_ASSET_PATHS = "\"VK_SwiftUI_GB_KS/Preview Content\"";
				DEVELOPMENT_TEAM = T8K8YS2863;
				ENABLE_PREVIEWS = YES;
				GENERATE_INFOPLIST_FILE = YES;
				INFOPLIST_KEY_UIApplicationSceneManifest_Generation = YES;
				INFOPLIST_KEY_UIApplicationSupportsIndirectInputEvents = YES;
				INFOPLIST_KEY_UILaunchScreen_Generation = YES;
				INFOPLIST_KEY_UISupportedInterfaceOrientations_iPad = "UIInterfaceOrientationPortrait UIInterfaceOrientationPortraitUpsideDown UIInterfaceOrientationLandscapeLeft UIInterfaceOrientationLandscapeRight";
				INFOPLIST_KEY_UISupportedInterfaceOrientations_iPhone = "UIInterfaceOrientationPortrait UIInterfaceOrientationLandscapeLeft UIInterfaceOrientationLandscapeRight";
				LD_RUNPATH_SEARCH_PATHS = (
					"$(inherited)",
					"@executable_path/Frameworks",
				);
				MARKETING_VERSION = 1.0;
				PRODUCT_BUNDLE_IDENTIFIER = "gb.VK-SwiftUI-GB-KS";
				PRODUCT_NAME = "$(TARGET_NAME)";
				SWIFT_EMIT_LOC_STRINGS = YES;
				SWIFT_VERSION = 5.0;
				TARGETED_DEVICE_FAMILY = "1,2";
			};
			name = Debug;
		};
		00F9C4E22812C52F00179F3D /* Release */ = {
			isa = XCBuildConfiguration;
			buildSettings = {
				ASSETCATALOG_COMPILER_APPICON_NAME = AppIcon;
				ASSETCATALOG_COMPILER_GLOBAL_ACCENT_COLOR_NAME = AccentColor;
				CODE_SIGN_STYLE = Automatic;
				CURRENT_PROJECT_VERSION = 1;
				DEVELOPMENT_ASSET_PATHS = "\"VK_SwiftUI_GB_KS/Preview Content\"";
				DEVELOPMENT_TEAM = T8K8YS2863;
				ENABLE_PREVIEWS = YES;
				GENERATE_INFOPLIST_FILE = YES;
				INFOPLIST_KEY_UIApplicationSceneManifest_Generation = YES;
				INFOPLIST_KEY_UIApplicationSupportsIndirectInputEvents = YES;
				INFOPLIST_KEY_UILaunchScreen_Generation = YES;
				INFOPLIST_KEY_UISupportedInterfaceOrientations_iPad = "UIInterfaceOrientationPortrait UIInterfaceOrientationPortraitUpsideDown UIInterfaceOrientationLandscapeLeft UIInterfaceOrientationLandscapeRight";
				INFOPLIST_KEY_UISupportedInterfaceOrientations_iPhone = "UIInterfaceOrientationPortrait UIInterfaceOrientationLandscapeLeft UIInterfaceOrientationLandscapeRight";
				LD_RUNPATH_SEARCH_PATHS = (
					"$(inherited)",
					"@executable_path/Frameworks",
				);
				MARKETING_VERSION = 1.0;
				PRODUCT_BUNDLE_IDENTIFIER = "gb.VK-SwiftUI-GB-KS";
				PRODUCT_NAME = "$(TARGET_NAME)";
				SWIFT_EMIT_LOC_STRINGS = YES;
				SWIFT_VERSION = 5.0;
				TARGETED_DEVICE_FAMILY = "1,2";
			};
			name = Release;
		};
/* End XCBuildConfiguration section */

/* Begin XCConfigurationList section */
		00F9C4CD2812C52800179F3D /* Build configuration list for PBXProject "VK_SwiftUI_GB_KS" */ = {
			isa = XCConfigurationList;
			buildConfigurations = (
				00F9C4DE2812C52F00179F3D /* Debug */,
				00F9C4DF2812C52F00179F3D /* Release */,
			);
			defaultConfigurationIsVisible = 0;
			defaultConfigurationName = Release;
		};
		00F9C4E02812C52F00179F3D /* Build configuration list for PBXNativeTarget "VK_SwiftUI_GB_KS" */ = {
			isa = XCConfigurationList;
			buildConfigurations = (
				00F9C4E12812C52F00179F3D /* Debug */,
				00F9C4E22812C52F00179F3D /* Release */,
			);
			defaultConfigurationIsVisible = 0;
			defaultConfigurationName = Release;
		};
/* End XCConfigurationList section */
	};
	rootObject = 00F9C4CA2812C52800179F3D /* Project object */;
}
