// !$*UTF8*$!
{
	archiveVersion = 1;
	classes = {
	};
	objectVersion = 55;
	objects = {

/* Begin PBXBuildFile section */
		002C27A2281DA41000B80E06 /* ASCollectionView in Frameworks */ = {isa = PBXBuildFile; productRef = 002C27A1281DA41000B80E06 /* ASCollectionView */; };
		002C27A6282030F600B80E06 /* Session.swift in Sources */ = {isa = PBXBuildFile; fileRef = 002C27A5282030F600B80E06 /* Session.swift */; };
		002C27A82820325D00B80E06 /* VKLoginWebView.swift in Sources */ = {isa = PBXBuildFile; fileRef = 002C27A72820325D00B80E06 /* VKLoginWebView.swift */; };
		002C27AA28203ADA00B80E06 /* WebViewNavigationDelegate.swift in Sources */ = {isa = PBXBuildFile; fileRef = 002C27A928203ADA00B80E06 /* WebViewNavigationDelegate.swift */; };
		002C27AD282046D400B80E06 /* Alamofire in Frameworks */ = {isa = PBXBuildFile; productRef = 002C27AC282046D400B80E06 /* Alamofire */; };
		002C27AF2820486000B80E06 /* FriendsViewModel.swift in Sources */ = {isa = PBXBuildFile; fileRef = 002C27AE2820486000B80E06 /* FriendsViewModel.swift */; };
		002C27B128204A2300B80E06 /* Data+PrettyJSON.swift in Sources */ = {isa = PBXBuildFile; fileRef = 002C27B028204A2300B80E06 /* Data+PrettyJSON.swift */; };
		002C27B42820503300B80E06 /* FriendsAPI.swift in Sources */ = {isa = PBXBuildFile; fileRef = 002C27B32820503300B80E06 /* FriendsAPI.swift */; };
		008C6BB828183142004EDF7B /* CircleShadowModifier.swift in Sources */ = {isa = PBXBuildFile; fileRef = 008C6BB728183142004EDF7B /* CircleShadowModifier.swift */; };
		008C6BBB28183507004EDF7B /* LogoImageBuilder.swift in Sources */ = {isa = PBXBuildFile; fileRef = 008C6BBA28183507004EDF7B /* LogoImageBuilder.swift */; };
		008C6BBE281836A9004EDF7B /* NameTextBuilder.swift in Sources */ = {isa = PBXBuildFile; fileRef = 008C6BBD281836A9004EDF7B /* NameTextBuilder.swift */; };
		008C6BC02818370D004EDF7B /* GroupsViewCell.swift in Sources */ = {isa = PBXBuildFile; fileRef = 008C6BBF2818370D004EDF7B /* GroupsViewCell.swift */; };
		008C6BC5281844F3004EDF7B /* UIApplication+endEditing.swift in Sources */ = {isa = PBXBuildFile; fileRef = 008C6BC4281844F3004EDF7B /* UIApplication+endEditing.swift */; };
		008C6BF1281C4191004EDF7B /* FriendPhotosView.swift in Sources */ = {isa = PBXBuildFile; fileRef = 008C6BF0281C4191004EDF7B /* FriendPhotosView.swift */; };
		008C6BF4281C429A004EDF7B /* ContainerView.swift in Sources */ = {isa = PBXBuildFile; fileRef = 008C6BF3281C429A004EDF7B /* ContainerView.swift */; };
		008C6BF6281C46AF004EDF7B /* FriendsView.swift in Sources */ = {isa = PBXBuildFile; fileRef = 008C6BF5281C46AF004EDF7B /* FriendsView.swift */; };
		008C6BF8281D509C004EDF7B /* Friend.swift in Sources */ = {isa = PBXBuildFile; fileRef = 008C6BF7281D509C004EDF7B /* Friend.swift */; };
		008C6BFA281D5F15004EDF7B /* NewsView.swift in Sources */ = {isa = PBXBuildFile; fileRef = 008C6BF9281D5F15004EDF7B /* NewsView.swift */; };
		008C6BFC281D6242004EDF7B /* FriendViewCell.swift in Sources */ = {isa = PBXBuildFile; fileRef = 008C6BFB281D6242004EDF7B /* FriendViewCell.swift */; };
		008C6C01281D697A004EDF7B /* TabBarView.swift in Sources */ = {isa = PBXBuildFile; fileRef = 008C6C00281D697A004EDF7B /* TabBarView.swift */; };
		008C6C03281D69ED004EDF7B /*  GroupsView.swift in Sources */ = {isa = PBXBuildFile; fileRef = 008C6C02281D69ED004EDF7B /*  GroupsView.swift */; };
		008C6C05281D7B2B004EDF7B /* Group.swift in Sources */ = {isa = PBXBuildFile; fileRef = 008C6C04281D7B2B004EDF7B /* Group.swift */; };
		008C6C09281D8B2D004EDF7B /* PhotosViewCell.swift in Sources */ = {isa = PBXBuildFile; fileRef = 008C6C08281D8B2D004EDF7B /* PhotosViewCell.swift */; };
		008C6C0B281D9178004EDF7B /* Photo.swift in Sources */ = {isa = PBXBuildFile; fileRef = 008C6C0A281D9178004EDF7B /* Photo.swift */; };
		00DCDBB52838109700A930DD /* LikeButton.swift in Sources */ = {isa = PBXBuildFile; fileRef = 00DCDBB42838109700A930DD /* LikeButton.swift */; };
		00E5DEC52820874F00002722 /* SDWebImage in Frameworks */ = {isa = PBXBuildFile; productRef = 00E5DEC42820874F00002722 /* SDWebImage */; };
		00E5DEC828208B0600002722 /* SDWebImageSwiftUI in Frameworks */ = {isa = PBXBuildFile; productRef = 00E5DEC728208B0600002722 /* SDWebImageSwiftUI */; };
		00E5DECA28218A6300002722 /* PhotoAPI.swift in Sources */ = {isa = PBXBuildFile; fileRef = 00E5DEC928218A6300002722 /* PhotoAPI.swift */; };
		00E5DECC28218F5200002722 /* PhotosViewModel.swift in Sources */ = {isa = PBXBuildFile; fileRef = 00E5DECB28218F5200002722 /* PhotosViewModel.swift */; };
		00E5DECE2823E2EA00002722 /* GroupsAPI.swift in Sources */ = {isa = PBXBuildFile; fileRef = 00E5DECD2823E2EA00002722 /* GroupsAPI.swift */; };
		00E5DED02823E94000002722 /* GroupsViewModel.swift in Sources */ = {isa = PBXBuildFile; fileRef = 00E5DECF2823E94000002722 /* GroupsViewModel.swift */; };
		00E5DED52824301300002722 /* RealmSwift in Frameworks */ = {isa = PBXBuildFile; productRef = 00E5DED42824301300002722 /* RealmSwift */; };
		00E5DED8282431D700002722 /* RealmService.swift in Sources */ = {isa = PBXBuildFile; fileRef = 00E5DED7282431D700002722 /* RealmService.swift */; };
		00E5DEDA282431F800002722 /* DetachableObject.swift in Sources */ = {isa = PBXBuildFile; fileRef = 00E5DED9282431F800002722 /* DetachableObject.swift */; };
		00E5DEDC2824325800002722 /* Realm.Configuration+Ext.swift in Sources */ = {isa = PBXBuildFile; fileRef = 00E5DEDB2824325800002722 /* Realm.Configuration+Ext.swift */; };
		00E5DEDF2824351D00002722 /* SwiftyJSON in Frameworks */ = {isa = PBXBuildFile; productRef = 00E5DEDE2824351D00002722 /* SwiftyJSON */; };
		00F9C4D62812C52800179F3D /* VK_SwiftUI_GB_KSApp.swift in Sources */ = {isa = PBXBuildFile; fileRef = 00F9C4D52812C52800179F3D /* VK_SwiftUI_GB_KSApp.swift */; };
		00F9C4D82812C52800179F3D /* LoginView.swift in Sources */ = {isa = PBXBuildFile; fileRef = 00F9C4D72812C52800179F3D /* LoginView.swift */; };
		00F9C4DA2812C52F00179F3D /* Assets.xcassets in Resources */ = {isa = PBXBuildFile; fileRef = 00F9C4D92812C52F00179F3D /* Assets.xcassets */; };
		00F9C4DD2812C52F00179F3D /* Preview Assets.xcassets in Resources */ = {isa = PBXBuildFile; fileRef = 00F9C4DC2812C52F00179F3D /* Preview Assets.xcassets */; };
/* End PBXBuildFile section */

/* Begin PBXFileReference section */
		002C27A5282030F600B80E06 /* Session.swift */ = {isa = PBXFileReference; lastKnownFileType = sourcecode.swift; path = Session.swift; sourceTree = "<group>"; };
		002C27A72820325D00B80E06 /* VKLoginWebView.swift */ = {isa = PBXFileReference; lastKnownFileType = sourcecode.swift; path = VKLoginWebView.swift; sourceTree = "<group>"; };
		002C27A928203ADA00B80E06 /* WebViewNavigationDelegate.swift */ = {isa = PBXFileReference; lastKnownFileType = sourcecode.swift; path = WebViewNavigationDelegate.swift; sourceTree = "<group>"; };
		002C27AE2820486000B80E06 /* FriendsViewModel.swift */ = {isa = PBXFileReference; lastKnownFileType = sourcecode.swift; path = FriendsViewModel.swift; sourceTree = "<group>"; };
		002C27B028204A2300B80E06 /* Data+PrettyJSON.swift */ = {isa = PBXFileReference; lastKnownFileType = sourcecode.swift; path = "Data+PrettyJSON.swift"; sourceTree = "<group>"; };
		002C27B32820503300B80E06 /* FriendsAPI.swift */ = {isa = PBXFileReference; lastKnownFileType = sourcecode.swift; path = FriendsAPI.swift; sourceTree = "<group>"; };
		008C6BB728183142004EDF7B /* CircleShadowModifier.swift */ = {isa = PBXFileReference; lastKnownFileType = sourcecode.swift; path = CircleShadowModifier.swift; sourceTree = "<group>"; };
		008C6BBA28183507004EDF7B /* LogoImageBuilder.swift */ = {isa = PBXFileReference; lastKnownFileType = sourcecode.swift; path = LogoImageBuilder.swift; sourceTree = "<group>"; };
		008C6BBD281836A9004EDF7B /* NameTextBuilder.swift */ = {isa = PBXFileReference; lastKnownFileType = sourcecode.swift; path = NameTextBuilder.swift; sourceTree = "<group>"; };
		008C6BBF2818370D004EDF7B /* GroupsViewCell.swift */ = {isa = PBXFileReference; lastKnownFileType = sourcecode.swift; path = GroupsViewCell.swift; sourceTree = "<group>"; };
		008C6BC4281844F3004EDF7B /* UIApplication+endEditing.swift */ = {isa = PBXFileReference; lastKnownFileType = sourcecode.swift; path = "UIApplication+endEditing.swift"; sourceTree = "<group>"; };
		008C6BF0281C4191004EDF7B /* FriendPhotosView.swift */ = {isa = PBXFileReference; lastKnownFileType = sourcecode.swift; path = FriendPhotosView.swift; sourceTree = "<group>"; };
		008C6BF3281C429A004EDF7B /* ContainerView.swift */ = {isa = PBXFileReference; lastKnownFileType = sourcecode.swift; path = ContainerView.swift; sourceTree = "<group>"; };
		008C6BF5281C46AF004EDF7B /* FriendsView.swift */ = {isa = PBXFileReference; lastKnownFileType = sourcecode.swift; path = FriendsView.swift; sourceTree = "<group>"; };
		008C6BF7281D509C004EDF7B /* Friend.swift */ = {isa = PBXFileReference; lastKnownFileType = sourcecode.swift; path = Friend.swift; sourceTree = "<group>"; };
		008C6BF9281D5F15004EDF7B /* NewsView.swift */ = {isa = PBXFileReference; lastKnownFileType = sourcecode.swift; path = NewsView.swift; sourceTree = "<group>"; };
		008C6BFB281D6242004EDF7B /* FriendViewCell.swift */ = {isa = PBXFileReference; lastKnownFileType = sourcecode.swift; path = FriendViewCell.swift; sourceTree = "<group>"; };
		008C6C00281D697A004EDF7B /* TabBarView.swift */ = {isa = PBXFileReference; lastKnownFileType = sourcecode.swift; path = TabBarView.swift; sourceTree = "<group>"; };
		008C6C02281D69ED004EDF7B /*  GroupsView.swift */ = {isa = PBXFileReference; lastKnownFileType = sourcecode.swift; path = " GroupsView.swift"; sourceTree = "<group>"; };
		008C6C04281D7B2B004EDF7B /* Group.swift */ = {isa = PBXFileReference; lastKnownFileType = sourcecode.swift; path = Group.swift; sourceTree = "<group>"; };
		008C6C08281D8B2D004EDF7B /* PhotosViewCell.swift */ = {isa = PBXFileReference; lastKnownFileType = sourcecode.swift; path = PhotosViewCell.swift; sourceTree = "<group>"; };
		008C6C0A281D9178004EDF7B /* Photo.swift */ = {isa = PBXFileReference; lastKnownFileType = sourcecode.swift; path = Photo.swift; sourceTree = "<group>"; };
		00DCDBB42838109700A930DD /* LikeButton.swift */ = {isa = PBXFileReference; lastKnownFileType = sourcecode.swift; path = LikeButton.swift; sourceTree = "<group>"; };
		00E5DEC928218A6300002722 /* PhotoAPI.swift */ = {isa = PBXFileReference; lastKnownFileType = sourcecode.swift; path = PhotoAPI.swift; sourceTree = "<group>"; };
		00E5DECB28218F5200002722 /* PhotosViewModel.swift */ = {isa = PBXFileReference; lastKnownFileType = sourcecode.swift; path = PhotosViewModel.swift; sourceTree = "<group>"; };
		00E5DECD2823E2EA00002722 /* GroupsAPI.swift */ = {isa = PBXFileReference; lastKnownFileType = sourcecode.swift; path = GroupsAPI.swift; sourceTree = "<group>"; };
		00E5DECF2823E94000002722 /* GroupsViewModel.swift */ = {isa = PBXFileReference; lastKnownFileType = sourcecode.swift; path = GroupsViewModel.swift; sourceTree = "<group>"; };
		00E5DED7282431D700002722 /* RealmService.swift */ = {isa = PBXFileReference; lastKnownFileType = sourcecode.swift; path = RealmService.swift; sourceTree = "<group>"; };
		00E5DED9282431F800002722 /* DetachableObject.swift */ = {isa = PBXFileReference; lastKnownFileType = sourcecode.swift; path = DetachableObject.swift; sourceTree = "<group>"; };
		00E5DEDB2824325800002722 /* Realm.Configuration+Ext.swift */ = {isa = PBXFileReference; lastKnownFileType = sourcecode.swift; path = "Realm.Configuration+Ext.swift"; sourceTree = "<group>"; };
		00F9C4D22812C52800179F3D /* VK_SwiftUI_GB_KS.app */ = {isa = PBXFileReference; explicitFileType = wrapper.application; includeInIndex = 0; path = VK_SwiftUI_GB_KS.app; sourceTree = BUILT_PRODUCTS_DIR; };
		00F9C4D52812C52800179F3D /* VK_SwiftUI_GB_KSApp.swift */ = {isa = PBXFileReference; lastKnownFileType = sourcecode.swift; path = VK_SwiftUI_GB_KSApp.swift; sourceTree = "<group>"; };
		00F9C4D72812C52800179F3D /* LoginView.swift */ = {isa = PBXFileReference; lastKnownFileType = sourcecode.swift; path = LoginView.swift; sourceTree = "<group>"; };
		00F9C4D92812C52F00179F3D /* Assets.xcassets */ = {isa = PBXFileReference; lastKnownFileType = folder.assetcatalog; path = Assets.xcassets; sourceTree = "<group>"; };
		00F9C4DC2812C52F00179F3D /* Preview Assets.xcassets */ = {isa = PBXFileReference; lastKnownFileType = folder.assetcatalog; path = "Preview Assets.xcassets"; sourceTree = "<group>"; };
/* End PBXFileReference section */

/* Begin PBXFrameworksBuildPhase section */
		00F9C4CF2812C52800179F3D /* Frameworks */ = {
			isa = PBXFrameworksBuildPhase;
			buildActionMask = 2147483647;
			files = (
				00E5DEDF2824351D00002722 /* SwiftyJSON in Frameworks */,
				00E5DEC828208B0600002722 /* SDWebImageSwiftUI in Frameworks */,
				00E5DEC52820874F00002722 /* SDWebImage in Frameworks */,
				002C27A2281DA41000B80E06 /* ASCollectionView in Frameworks */,
				00E5DED52824301300002722 /* RealmSwift in Frameworks */,
				002C27AD282046D400B80E06 /* Alamofire in Frameworks */,
			);
			runOnlyForDeploymentPostprocessing = 0;
		};
/* End PBXFrameworksBuildPhase section */

/* Begin PBXGroup section */
		002C27A32820295300B80E06 /* View */ = {
			isa = PBXGroup;
			children = (
				008C6BF9281D5F15004EDF7B /* NewsView.swift */,
			);
			path = View;
			sourceTree = "<group>";
		};
		002C27A4282030CD00B80E06 /* Servises */ = {
			isa = PBXGroup;
			children = (
				00E5DED6282431B000002722 /* RealmService */,
				002C27B228204F9F00B80E06 /* NetworckServices */,
				002C27A5282030F600B80E06 /* Session.swift */,
			);
			path = Servises;
			sourceTree = "<group>";
		};
		002C27B228204F9F00B80E06 /* NetworckServices */ = {
			isa = PBXGroup;
			children = (
				002C27B32820503300B80E06 /* FriendsAPI.swift */,
				00E5DEC928218A6300002722 /* PhotoAPI.swift */,
				00E5DECD2823E2EA00002722 /* GroupsAPI.swift */,
			);
			path = NetworckServices;
			sourceTree = "<group>";
		};
		008C6BB628183122004EDF7B /* Modifiers */ = {
			isa = PBXGroup;
			children = (
				008C6BB728183142004EDF7B /* CircleShadowModifier.swift */,
			);
			path = Modifiers;
			sourceTree = "<group>";
		};
		008C6BB9281834EC004EDF7B /* View Builders */ = {
			isa = PBXGroup;
			children = (
				008C6BBA28183507004EDF7B /* LogoImageBuilder.swift */,
				008C6BBD281836A9004EDF7B /* NameTextBuilder.swift */,
			);
			path = "View Builders";
			sourceTree = "<group>";
		};
		008C6BBC28183520004EDF7B /* UI Components */ = {
			isa = PBXGroup;
			children = (
				008C6BFF281D67DE004EDF7B /* TabBar */,
				008C6BF2281C4229004EDF7B /* Navigations */,
				008C6BB9281834EC004EDF7B /* View Builders */,
				008C6BB628183122004EDF7B /* Modifiers */,
				00DCDBB32838105B00A930DD /* CastomButtons */,
			);
			path = "UI Components";
			sourceTree = "<group>";
		};
		008C6BC2281839AB004EDF7B /* Auth */ = {
			isa = PBXGroup;
			children = (
				00F9C4D72812C52800179F3D /* LoginView.swift */,
				002C27A72820325D00B80E06 /* VKLoginWebView.swift */,
				002C27A928203ADA00B80E06 /* WebViewNavigationDelegate.swift */,
			);
			path = Auth;
			sourceTree = "<group>";
		};
		008C6BC328184498004EDF7B /* Extensions */ = {
			isa = PBXGroup;
			children = (
				008C6BC4281844F3004EDF7B /* UIApplication+endEditing.swift */,
				002C27B028204A2300B80E06 /* Data+PrettyJSON.swift */,
				00E5DEDB2824325800002722 /* Realm.Configuration+Ext.swift */,
			);
			path = Extensions;
			sourceTree = "<group>";
		};
		008C6BD9281C306F004EDF7B /* Modules */ = {
			isa = PBXGroup;
			children = (
				008C6BC2281839AB004EDF7B /* Auth */,
				008C6BDA281C30CB004EDF7B /* Friends */,
				008C6BE6281C3F1D004EDF7B /* Photos */,
				008C6BDB281C30DD004EDF7B /* Groups */,
				008C6BDC281C30FA004EDF7B /* News */,
			);
			path = Modules;
			sourceTree = "<group>";
		};
		008C6BDA281C30CB004EDF7B /* Friends */ = {
			isa = PBXGroup;
			children = (
				008C6BDD281C3125004EDF7B /* Model */,
				008C6BDF281C314B004EDF7B /* ViewModel */,
				008C6BFD281D679D004EDF7B /* View */,
			);
			path = Friends;
			sourceTree = "<group>";
		};
		008C6BDB281C30DD004EDF7B /* Groups */ = {
			isa = PBXGroup;
			children = (
				008C6BE2281C3178004EDF7B /* Model */,
				008C6BE0281C3170004EDF7B /* ViewModel */,
				008C6BFE281D67B4004EDF7B /* View */,
			);
			path = Groups;
			sourceTree = "<group>";
		};
		008C6BDC281C30FA004EDF7B /* News */ = {
			isa = PBXGroup;
			children = (
				008C6BE5281C31C5004EDF7B /* Model */,
				008C6BE3281C31BE004EDF7B /* ViewModel */,
				002C27A32820295300B80E06 /* View */,
			);
			path = News;
			sourceTree = "<group>";
		};
		008C6BDD281C3125004EDF7B /* Model */ = {
			isa = PBXGroup;
			children = (
				008C6BF7281D509C004EDF7B /* Friend.swift */,
			);
			path = Model;
			sourceTree = "<group>";
		};
		008C6BDF281C314B004EDF7B /* ViewModel */ = {
			isa = PBXGroup;
			children = (
				002C27AE2820486000B80E06 /* FriendsViewModel.swift */,
			);
			path = ViewModel;
			sourceTree = "<group>";
		};
		008C6BE0281C3170004EDF7B /* ViewModel */ = {
			isa = PBXGroup;
			children = (
				00E5DECF2823E94000002722 /* GroupsViewModel.swift */,
			);
			path = ViewModel;
			sourceTree = "<group>";
		};
		008C6BE2281C3178004EDF7B /* Model */ = {
			isa = PBXGroup;
			children = (
				008C6C04281D7B2B004EDF7B /* Group.swift */,
			);
			path = Model;
			sourceTree = "<group>";
		};
		008C6BE3281C31BE004EDF7B /* ViewModel */ = {
			isa = PBXGroup;
			children = (
			);
			path = ViewModel;
			sourceTree = "<group>";
		};
		008C6BE5281C31C5004EDF7B /* Model */ = {
			isa = PBXGroup;
			children = (
			);
			path = Model;
			sourceTree = "<group>";
		};
		008C6BE6281C3F1D004EDF7B /* Photos */ = {
			isa = PBXGroup;
			children = (
				008C6C06281D8AE2004EDF7B /* Model */,
				008C6BE7281C3F47004EDF7B /* ViewModel */,
				008C6C07281D8AF0004EDF7B /* View */,
			);
			path = Photos;
			sourceTree = "<group>";
		};
		008C6BE7281C3F47004EDF7B /* ViewModel */ = {
			isa = PBXGroup;
			children = (
				00E5DECB28218F5200002722 /* PhotosViewModel.swift */,
			);
			path = ViewModel;
			sourceTree = "<group>";
		};
		008C6BF2281C4229004EDF7B /* Navigations */ = {
			isa = PBXGroup;
			children = (
				008C6BF3281C429A004EDF7B /* ContainerView.swift */,
			);
			path = Navigations;
			sourceTree = "<group>";
		};
		008C6BFD281D679D004EDF7B /* View */ = {
			isa = PBXGroup;
			children = (
				008C6BF5281C46AF004EDF7B /* FriendsView.swift */,
				008C6BFB281D6242004EDF7B /* FriendViewCell.swift */,
			);
			path = View;
			sourceTree = "<group>";
		};
		008C6BFE281D67B4004EDF7B /* View */ = {
			isa = PBXGroup;
			children = (
				008C6C02281D69ED004EDF7B /*  GroupsView.swift */,
				008C6BBF2818370D004EDF7B /* GroupsViewCell.swift */,
			);
			path = View;
			sourceTree = "<group>";
		};
		008C6BFF281D67DE004EDF7B /* TabBar */ = {
			isa = PBXGroup;
			children = (
				008C6C00281D697A004EDF7B /* TabBarView.swift */,
			);
			path = TabBar;
			sourceTree = "<group>";
		};
		008C6C06281D8AE2004EDF7B /* Model */ = {
			isa = PBXGroup;
			children = (
				008C6C0A281D9178004EDF7B /* Photo.swift */,
			);
			path = Model;
			sourceTree = "<group>";
		};
		008C6C07281D8AF0004EDF7B /* View */ = {
			isa = PBXGroup;
			children = (
				008C6BF0281C4191004EDF7B /* FriendPhotosView.swift */,
				008C6C08281D8B2D004EDF7B /* PhotosViewCell.swift */,
			);
			path = View;
			sourceTree = "<group>";
		};
		00DCDBB32838105B00A930DD /* CastomButtons */ = {
			isa = PBXGroup;
			children = (
				00DCDBB42838109700A930DD /* LikeButton.swift */,
			);
			path = CastomButtons;
			sourceTree = "<group>";
		};
		00E5DED6282431B000002722 /* RealmService */ = {
			isa = PBXGroup;
			children = (
				00E5DED7282431D700002722 /* RealmService.swift */,
				00E5DED9282431F800002722 /* DetachableObject.swift */,
			);
			path = RealmService;
			sourceTree = "<group>";
		};
		00F9C4C92812C52800179F3D = {
			isa = PBXGroup;
			children = (
				00F9C4D42812C52800179F3D /* VK_SwiftUI_GB_KS */,
				00F9C4D32812C52800179F3D /* Products */,
			);
			sourceTree = "<group>";
		};
		00F9C4D32812C52800179F3D /* Products */ = {
			isa = PBXGroup;
			children = (
				00F9C4D22812C52800179F3D /* VK_SwiftUI_GB_KS.app */,
			);
			name = Products;
			sourceTree = "<group>";
		};
		00F9C4D42812C52800179F3D /* VK_SwiftUI_GB_KS */ = {
			isa = PBXGroup;
			children = (
				00F9C4D52812C52800179F3D /* VK_SwiftUI_GB_KSApp.swift */,
				008C6BD9281C306F004EDF7B /* Modules */,
				002C27A4282030CD00B80E06 /* Servises */,
				008C6BC328184498004EDF7B /* Extensions */,
				008C6BBC28183520004EDF7B /* UI Components */,
				00F9C4D92812C52F00179F3D /* Assets.xcassets */,
				00F9C4DB2812C52F00179F3D /* Preview Content */,
			);
			path = VK_SwiftUI_GB_KS;
			sourceTree = "<group>";
		};
		00F9C4DB2812C52F00179F3D /* Preview Content */ = {
			isa = PBXGroup;
			children = (
				00F9C4DC2812C52F00179F3D /* Preview Assets.xcassets */,
			);
			path = "Preview Content";
			sourceTree = "<group>";
		};
/* End PBXGroup section */

/* Begin PBXNativeTarget section */
		00F9C4D12812C52800179F3D /* VK_SwiftUI_GB_KS */ = {
			isa = PBXNativeTarget;
			buildConfigurationList = 00F9C4E02812C52F00179F3D /* Build configuration list for PBXNativeTarget "VK_SwiftUI_GB_KS" */;
			buildPhases = (
				00F9C4CE2812C52800179F3D /* Sources */,
				00F9C4CF2812C52800179F3D /* Frameworks */,
				00F9C4D02812C52800179F3D /* Resources */,
			);
			buildRules = (
			);
			dependencies = (
			);
			name = VK_SwiftUI_GB_KS;
			packageProductDependencies = (
				002C27A1281DA41000B80E06 /* ASCollectionView */,
				002C27AC282046D400B80E06 /* Alamofire */,
				00E5DEC42820874F00002722 /* SDWebImage */,
				00E5DEC728208B0600002722 /* SDWebImageSwiftUI */,
				00E5DED42824301300002722 /* RealmSwift */,
				00E5DEDE2824351D00002722 /* SwiftyJSON */,
			);
			productName = VK_SwiftUI_GB_KS;
			productReference = 00F9C4D22812C52800179F3D /* VK_SwiftUI_GB_KS.app */;
			productType = "com.apple.product-type.application";
		};
/* End PBXNativeTarget section */

/* Begin PBXProject section */
		00F9C4CA2812C52800179F3D /* Project object */ = {
			isa = PBXProject;
			attributes = {
				BuildIndependentTargetsInParallel = 1;
				LastSwiftUpdateCheck = 1330;
				LastUpgradeCheck = 1330;
				TargetAttributes = {
					00F9C4D12812C52800179F3D = {
						CreatedOnToolsVersion = 13.3.1;
					};
				};
			};
			buildConfigurationList = 00F9C4CD2812C52800179F3D /* Build configuration list for PBXProject "VK_SwiftUI_GB_KS" */;
			compatibilityVersion = "Xcode 13.0";
			developmentRegion = en;
			hasScannedForEncodings = 0;
			knownRegions = (
				en,
				Base,
			);
			mainGroup = 00F9C4C92812C52800179F3D;
			packageReferences = (
				002C27A0281DA41000B80E06 /* XCRemoteSwiftPackageReference "ASCollectionView" */,
				002C27AB282046D400B80E06 /* XCRemoteSwiftPackageReference "Alamofire" */,
				00E5DEC32820874F00002722 /* XCRemoteSwiftPackageReference "SDWebImage" */,
				00E5DEC628208B0600002722 /* XCRemoteSwiftPackageReference "SDWebImageSwiftUI" */,
				00E5DED32824301300002722 /* XCRemoteSwiftPackageReference "realm-swift" */,
				00E5DEDD2824351D00002722 /* XCRemoteSwiftPackageReference "SwiftyJSON" */,
			);
			productRefGroup = 00F9C4D32812C52800179F3D /* Products */;
			projectDirPath = "";
			projectRoot = "";
			targets = (
				00F9C4D12812C52800179F3D /* VK_SwiftUI_GB_KS */,
			);
		};
/* End PBXProject section */

/* Begin PBXResourcesBuildPhase section */
		00F9C4D02812C52800179F3D /* Resources */ = {
			isa = PBXResourcesBuildPhase;
			buildActionMask = 2147483647;
			files = (
				00F9C4DD2812C52F00179F3D /* Preview Assets.xcassets in Resources */,
				00F9C4DA2812C52F00179F3D /* Assets.xcassets in Resources */,
			);
			runOnlyForDeploymentPostprocessing = 0;
		};
/* End PBXResourcesBuildPhase section */

/* Begin PBXSourcesBuildPhase section */
		00F9C4CE2812C52800179F3D /* Sources */ = {
			isa = PBXSourcesBuildPhase;
			buildActionMask = 2147483647;
			files = (
				008C6BF4281C429A004EDF7B /* ContainerView.swift in Sources */,
				008C6BC5281844F3004EDF7B /* UIApplication+endEditing.swift in Sources */,
				002C27AF2820486000B80E06 /* FriendsViewModel.swift in Sources */,
				00E5DECE2823E2EA00002722 /* GroupsAPI.swift in Sources */,
				00E5DECA28218A6300002722 /* PhotoAPI.swift in Sources */,
				002C27A82820325D00B80E06 /* VKLoginWebView.swift in Sources */,
				00E5DECC28218F5200002722 /* PhotosViewModel.swift in Sources */,
				008C6C01281D697A004EDF7B /* TabBarView.swift in Sources */,
				00E5DED02823E94000002722 /* GroupsViewModel.swift in Sources */,
				008C6C05281D7B2B004EDF7B /* Group.swift in Sources */,
				002C27AA28203ADA00B80E06 /* WebViewNavigationDelegate.swift in Sources */,
				002C27B128204A2300B80E06 /* Data+PrettyJSON.swift in Sources */,
				008C6BBE281836A9004EDF7B /* NameTextBuilder.swift in Sources */,
				008C6BF8281D509C004EDF7B /* Friend.swift in Sources */,
				008C6BB828183142004EDF7B /* CircleShadowModifier.swift in Sources */,
				008C6BF1281C4191004EDF7B /* FriendPhotosView.swift in Sources */,
				008C6BBB28183507004EDF7B /* LogoImageBuilder.swift in Sources */,
				00F9C4D82812C52800179F3D /* LoginView.swift in Sources */,
				008C6BF6281C46AF004EDF7B /* FriendsView.swift in Sources */,
				002C27A6282030F600B80E06 /* Session.swift in Sources */,
				00E5DEDC2824325800002722 /* Realm.Configuration+Ext.swift in Sources */,
				002C27B42820503300B80E06 /* FriendsAPI.swift in Sources */,
				008C6C03281D69ED004EDF7B /*  GroupsView.swift in Sources */,
				008C6C0B281D9178004EDF7B /* Photo.swift in Sources */,
				00DCDBB52838109700A930DD /* LikeButton.swift in Sources */,
				00E5DEDA282431F800002722 /* DetachableObject.swift in Sources */,
				00E5DED8282431D700002722 /* RealmService.swift in Sources */,
				008C6BFA281D5F15004EDF7B /* NewsView.swift in Sources */,
				008C6BC02818370D004EDF7B /* GroupsViewCell.swift in Sources */,
				00F9C4D62812C52800179F3D /* VK_SwiftUI_GB_KSApp.swift in Sources */,
				008C6BFC281D6242004EDF7B /* FriendViewCell.swift in Sources */,
				008C6C09281D8B2D004EDF7B /* PhotosViewCell.swift in Sources */,
			);
			runOnlyForDeploymentPostprocessing = 0;
		};
/* End PBXSourcesBuildPhase section */

/* Begin XCBuildConfiguration section */
		00F9C4DE2812C52F00179F3D /* Debug */ = {
			isa = XCBuildConfiguration;
			buildSettings = {
				ALWAYS_SEARCH_USER_PATHS = NO;
				CLANG_ANALYZER_NONNULL = YES;
				CLANG_ANALYZER_NUMBER_OBJECT_CONVERSION = YES_AGGRESSIVE;
				CLANG_CXX_LANGUAGE_STANDARD = "gnu++17";
				CLANG_ENABLE_MODULES = YES;
				CLANG_ENABLE_OBJC_ARC = YES;
				CLANG_ENABLE_OBJC_WEAK = YES;
				CLANG_WARN_BLOCK_CAPTURE_AUTORELEASING = YES;
				CLANG_WARN_BOOL_CONVERSION = YES;
				CLANG_WARN_COMMA = YES;
				CLANG_WARN_CONSTANT_CONVERSION = YES;
				CLANG_WARN_DEPRECATED_OBJC_IMPLEMENTATIONS = YES;
				CLANG_WARN_DIRECT_OBJC_ISA_USAGE = YES_ERROR;
				CLANG_WARN_DOCUMENTATION_COMMENTS = YES;
				CLANG_WARN_EMPTY_BODY = YES;
				CLANG_WARN_ENUM_CONVERSION = YES;
				CLANG_WARN_INFINITE_RECURSION = YES;
				CLANG_WARN_INT_CONVERSION = YES;
				CLANG_WARN_NON_LITERAL_NULL_CONVERSION = YES;
				CLANG_WARN_OBJC_IMPLICIT_RETAIN_SELF = YES;
				CLANG_WARN_OBJC_LITERAL_CONVERSION = YES;
				CLANG_WARN_OBJC_ROOT_CLASS = YES_ERROR;
				CLANG_WARN_QUOTED_INCLUDE_IN_FRAMEWORK_HEADER = YES;
				CLANG_WARN_RANGE_LOOP_ANALYSIS = YES;
				CLANG_WARN_STRICT_PROTOTYPES = YES;
				CLANG_WARN_SUSPICIOUS_MOVE = YES;
				CLANG_WARN_UNGUARDED_AVAILABILITY = YES_AGGRESSIVE;
				CLANG_WARN_UNREACHABLE_CODE = YES;
				CLANG_WARN__DUPLICATE_METHOD_MATCH = YES;
				COPY_PHASE_STRIP = NO;
				DEBUG_INFORMATION_FORMAT = dwarf;
				ENABLE_STRICT_OBJC_MSGSEND = YES;
				ENABLE_TESTABILITY = YES;
				GCC_C_LANGUAGE_STANDARD = gnu11;
				GCC_DYNAMIC_NO_PIC = NO;
				GCC_NO_COMMON_BLOCKS = YES;
				GCC_OPTIMIZATION_LEVEL = 0;
				GCC_PREPROCESSOR_DEFINITIONS = (
					"DEBUG=1",
					"$(inherited)",
				);
				GCC_WARN_64_TO_32_BIT_CONVERSION = YES;
				GCC_WARN_ABOUT_RETURN_TYPE = YES_ERROR;
				GCC_WARN_UNDECLARED_SELECTOR = YES;
				GCC_WARN_UNINITIALIZED_AUTOS = YES_AGGRESSIVE;
				GCC_WARN_UNUSED_FUNCTION = YES;
				GCC_WARN_UNUSED_VARIABLE = YES;
				IPHONEOS_DEPLOYMENT_TARGET = 15.4;
				MTL_ENABLE_DEBUG_INFO = INCLUDE_SOURCE;
				MTL_FAST_MATH = YES;
				ONLY_ACTIVE_ARCH = YES;
				SDKROOT = iphoneos;
				SWIFT_ACTIVE_COMPILATION_CONDITIONS = DEBUG;
				SWIFT_OPTIMIZATION_LEVEL = "-Onone";
			};
			name = Debug;
		};
		00F9C4DF2812C52F00179F3D /* Release */ = {
			isa = XCBuildConfiguration;
			buildSettings = {
				ALWAYS_SEARCH_USER_PATHS = NO;
				CLANG_ANALYZER_NONNULL = YES;
				CLANG_ANALYZER_NUMBER_OBJECT_CONVERSION = YES_AGGRESSIVE;
				CLANG_CXX_LANGUAGE_STANDARD = "gnu++17";
				CLANG_ENABLE_MODULES = YES;
				CLANG_ENABLE_OBJC_ARC = YES;
				CLANG_ENABLE_OBJC_WEAK = YES;
				CLANG_WARN_BLOCK_CAPTURE_AUTORELEASING = YES;
				CLANG_WARN_BOOL_CONVERSION = YES;
				CLANG_WARN_COMMA = YES;
				CLANG_WARN_CONSTANT_CONVERSION = YES;
				CLANG_WARN_DEPRECATED_OBJC_IMPLEMENTATIONS = YES;
				CLANG_WARN_DIRECT_OBJC_ISA_USAGE = YES_ERROR;
				CLANG_WARN_DOCUMENTATION_COMMENTS = YES;
				CLANG_WARN_EMPTY_BODY = YES;
				CLANG_WARN_ENUM_CONVERSION = YES;
				CLANG_WARN_INFINITE_RECURSION = YES;
				CLANG_WARN_INT_CONVERSION = YES;
				CLANG_WARN_NON_LITERAL_NULL_CONVERSION = YES;
				CLANG_WARN_OBJC_IMPLICIT_RETAIN_SELF = YES;
				CLANG_WARN_OBJC_LITERAL_CONVERSION = YES;
				CLANG_WARN_OBJC_ROOT_CLASS = YES_ERROR;
				CLANG_WARN_QUOTED_INCLUDE_IN_FRAMEWORK_HEADER = YES;
				CLANG_WARN_RANGE_LOOP_ANALYSIS = YES;
				CLANG_WARN_STRICT_PROTOTYPES = YES;
				CLANG_WARN_SUSPICIOUS_MOVE = YES;
				CLANG_WARN_UNGUARDED_AVAILABILITY = YES_AGGRESSIVE;
				CLANG_WARN_UNREACHABLE_CODE = YES;
				CLANG_WARN__DUPLICATE_METHOD_MATCH = YES;
				COPY_PHASE_STRIP = NO;
				DEBUG_INFORMATION_FORMAT = "dwarf-with-dsym";
				ENABLE_NS_ASSERTIONS = NO;
				ENABLE_STRICT_OBJC_MSGSEND = YES;
				GCC_C_LANGUAGE_STANDARD = gnu11;
				GCC_NO_COMMON_BLOCKS = YES;
				GCC_WARN_64_TO_32_BIT_CONVERSION = YES;
				GCC_WARN_ABOUT_RETURN_TYPE = YES_ERROR;
				GCC_WARN_UNDECLARED_SELECTOR = YES;
				GCC_WARN_UNINITIALIZED_AUTOS = YES_AGGRESSIVE;
				GCC_WARN_UNUSED_FUNCTION = YES;
				GCC_WARN_UNUSED_VARIABLE = YES;
				IPHONEOS_DEPLOYMENT_TARGET = 15.4;
				MTL_ENABLE_DEBUG_INFO = NO;
				MTL_FAST_MATH = YES;
				SDKROOT = iphoneos;
				SWIFT_COMPILATION_MODE = wholemodule;
				SWIFT_OPTIMIZATION_LEVEL = "-O";
				VALIDATE_PRODUCT = YES;
			};
			name = Release;
		};
		00F9C4E12812C52F00179F3D /* Debug */ = {
			isa = XCBuildConfiguration;
			buildSettings = {
				ASSETCATALOG_COMPILER_APPICON_NAME = AppIcon;
				ASSETCATALOG_COMPILER_GLOBAL_ACCENT_COLOR_NAME = AccentColor;
				CODE_SIGN_STYLE = Automatic;
				CURRENT_PROJECT_VERSION = 1;
				DEVELOPMENT_ASSET_PATHS = "\"VK_SwiftUI_GB_KS/Preview Content\"";
				DEVELOPMENT_TEAM = T8K8YS2863;
				ENABLE_PREVIEWS = YES;
				GENERATE_INFOPLIST_FILE = YES;
				INFOPLIST_KEY_UIApplicationSceneManifest_Generation = YES;
				INFOPLIST_KEY_UIApplicationSupportsIndirectInputEvents = YES;
				INFOPLIST_KEY_UILaunchScreen_Generation = YES;
				INFOPLIST_KEY_UISupportedInterfaceOrientations_iPad = "UIInterfaceOrientationPortrait UIInterfaceOrientationPortraitUpsideDown UIInterfaceOrientationLandscapeLeft UIInterfaceOrientationLandscapeRight";
				INFOPLIST_KEY_UISupportedInterfaceOrientations_iPhone = "UIInterfaceOrientationPortrait UIInterfaceOrientationLandscapeLeft UIInterfaceOrientationLandscapeRight";
				LD_RUNPATH_SEARCH_PATHS = (
					"$(inherited)",
					"@executable_path/Frameworks",
				);
				MARKETING_VERSION = 1.0;
				PRODUCT_BUNDLE_IDENTIFIER = "gb.VK-SwiftUI-GB-KS";
				PRODUCT_NAME = "$(TARGET_NAME)";
				SWIFT_EMIT_LOC_STRINGS = YES;
				SWIFT_VERSION = 5.0;
				TARGETED_DEVICE_FAMILY = "1,2";
			};
			name = Debug;
		};
		00F9C4E22812C52F00179F3D /* Release */ = {
			isa = XCBuildConfiguration;
			buildSettings = {
				ASSETCATALOG_COMPILER_APPICON_NAME = AppIcon;
				ASSETCATALOG_COMPILER_GLOBAL_ACCENT_COLOR_NAME = AccentColor;
				CODE_SIGN_STYLE = Automatic;
				CURRENT_PROJECT_VERSION = 1;
				DEVELOPMENT_ASSET_PATHS = "\"VK_SwiftUI_GB_KS/Preview Content\"";
				DEVELOPMENT_TEAM = T8K8YS2863;
				ENABLE_PREVIEWS = YES;
				GENERATE_INFOPLIST_FILE = YES;
				INFOPLIST_KEY_UIApplicationSceneManifest_Generation = YES;
				INFOPLIST_KEY_UIApplicationSupportsIndirectInputEvents = YES;
				INFOPLIST_KEY_UILaunchScreen_Generation = YES;
				INFOPLIST_KEY_UISupportedInterfaceOrientations_iPad = "UIInterfaceOrientationPortrait UIInterfaceOrientationPortraitUpsideDown UIInterfaceOrientationLandscapeLeft UIInterfaceOrientationLandscapeRight";
				INFOPLIST_KEY_UISupportedInterfaceOrientations_iPhone = "UIInterfaceOrientationPortrait UIInterfaceOrientationLandscapeLeft UIInterfaceOrientationLandscapeRight";
				LD_RUNPATH_SEARCH_PATHS = (
					"$(inherited)",
					"@executable_path/Frameworks",
				);
				MARKETING_VERSION = 1.0;
				PRODUCT_BUNDLE_IDENTIFIER = "gb.VK-SwiftUI-GB-KS";
				PRODUCT_NAME = "$(TARGET_NAME)";
				SWIFT_EMIT_LOC_STRINGS = YES;
				SWIFT_VERSION = 5.0;
				TARGETED_DEVICE_FAMILY = "1,2";
			};
			name = Release;
		};
/* End XCBuildConfiguration section */

/* Begin XCConfigurationList section */
		00F9C4CD2812C52800179F3D /* Build configuration list for PBXProject "VK_SwiftUI_GB_KS" */ = {
			isa = XCConfigurationList;
			buildConfigurations = (
				00F9C4DE2812C52F00179F3D /* Debug */,
				00F9C4DF2812C52F00179F3D /* Release */,
			);
			defaultConfigurationIsVisible = 0;
			defaultConfigurationName = Release;
		};
		00F9C4E02812C52F00179F3D /* Build configuration list for PBXNativeTarget "VK_SwiftUI_GB_KS" */ = {
			isa = XCConfigurationList;
			buildConfigurations = (
				00F9C4E12812C52F00179F3D /* Debug */,
				00F9C4E22812C52F00179F3D /* Release */,
			);
			defaultConfigurationIsVisible = 0;
			defaultConfigurationName = Release;
		};
/* End XCConfigurationList section */

/* Begin XCRemoteSwiftPackageReference section */
		002C27A0281DA41000B80E06 /* XCRemoteSwiftPackageReference "ASCollectionView" */ = {
			isa = XCRemoteSwiftPackageReference;
			repositoryURL = "https://github.com/apptekstudios/ASCollectionView.git";
			requirement = {
				kind = upToNextMajorVersion;
				minimumVersion = 2.1.1;
			};
		};
		002C27AB282046D400B80E06 /* XCRemoteSwiftPackageReference "Alamofire" */ = {
			isa = XCRemoteSwiftPackageReference;
			repositoryURL = "https://github.com/Alamofire/Alamofire.git";
			requirement = {
				kind = upToNextMajorVersion;
				minimumVersion = 5.6.1;
			};
		};
		00E5DEC32820874F00002722 /* XCRemoteSwiftPackageReference "SDWebImage" */ = {
			isa = XCRemoteSwiftPackageReference;
			repositoryURL = "https://github.com/SDWebImage/SDWebImage.git";
			requirement = {
				kind = upToNextMajorVersion;
				minimumVersion = 5.12.5;
			};
		};
		00E5DEC628208B0600002722 /* XCRemoteSwiftPackageReference "SDWebImageSwiftUI" */ = {
			isa = XCRemoteSwiftPackageReference;
			repositoryURL = "https://github.com/SDWebImage/SDWebImageSwiftUI.git";
			requirement = {
				kind = upToNextMajorVersion;
				minimumVersion = 2.0.2;
			};
		};
		00E5DED32824301300002722 /* XCRemoteSwiftPackageReference "realm-swift" */ = {
			isa = XCRemoteSwiftPackageReference;
			repositoryURL = "https://github.com/realm/realm-swift.git";
			requirement = {
				kind = upToNextMajorVersion;
				minimumVersion = 10.25.2;
			};
		};
		00E5DEDD2824351D00002722 /* XCRemoteSwiftPackageReference "SwiftyJSON" */ = {
			isa = XCRemoteSwiftPackageReference;
			repositoryURL = "https://github.com/SwiftyJSON/SwiftyJSON.git";
			requirement = {
				kind = upToNextMajorVersion;
				minimumVersion = 5.0.1;
			};
		};
/* End XCRemoteSwiftPackageReference section */

/* Begin XCSwiftPackageProductDependency section */
		002C27A1281DA41000B80E06 /* ASCollectionView */ = {
			isa = XCSwiftPackageProductDependency;
			package = 002C27A0281DA41000B80E06 /* XCRemoteSwiftPackageReference "ASCollectionView" */;
			productName = ASCollectionView;
		};
		002C27AC282046D400B80E06 /* Alamofire */ = {
			isa = XCSwiftPackageProductDependency;
			package = 002C27AB282046D400B80E06 /* XCRemoteSwiftPackageReference "Alamofire" */;
			productName = Alamofire;
		};
		00E5DEC42820874F00002722 /* SDWebImage */ = {
			isa = XCSwiftPackageProductDependency;
			package = 00E5DEC32820874F00002722 /* XCRemoteSwiftPackageReference "SDWebImage" */;
			productName = SDWebImage;
		};
		00E5DEC728208B0600002722 /* SDWebImageSwiftUI */ = {
			isa = XCSwiftPackageProductDependency;
			package = 00E5DEC628208B0600002722 /* XCRemoteSwiftPackageReference "SDWebImageSwiftUI" */;
			productName = SDWebImageSwiftUI;
		};
		00E5DED42824301300002722 /* RealmSwift */ = {
			isa = XCSwiftPackageProductDependency;
			package = 00E5DED32824301300002722 /* XCRemoteSwiftPackageReference "realm-swift" */;
			productName = RealmSwift;
		};
		00E5DEDE2824351D00002722 /* SwiftyJSON */ = {
			isa = XCSwiftPackageProductDependency;
			package = 00E5DEDD2824351D00002722 /* XCRemoteSwiftPackageReference "SwiftyJSON" */;
			productName = SwiftyJSON;
		};
/* End XCSwiftPackageProductDependency section */
	};
	rootObject = 00F9C4CA2812C52800179F3D /* Project object */;
}
